// !$*UTF8*$!
{
	archiveVersion = 1;
	classes = {
	};
	objectVersion = 56;
	objects = {

/* Begin PBXBuildFile section */
		F4DE3C5E2B1467F700F0F477 /* brocckiethewiseApp.swift in Sources */ = {isa = PBXBuildFile; fileRef = F4DE3C5D2B1467F700F0F477 /* brocckiethewiseApp.swift */; };
		F4DE3C602B1467F700F0F477 /* ContentView.swift in Sources */ = {isa = PBXBuildFile; fileRef = F4DE3C5F2B1467F700F0F477 /* ContentView.swift */; };
		F4DE3C622B1467F800F0F477 /* Assets.xcassets in Resources */ = {isa = PBXBuildFile; fileRef = F4DE3C612B1467F800F0F477 /* Assets.xcassets */; };
		F4DE3C652B1467F800F0F477 /* Preview Assets.xcassets in Resources */ = {isa = PBXBuildFile; fileRef = F4DE3C642B1467F800F0F477 /* Preview Assets.xcassets */; };
		F4DE3C6F2B1467F900F0F477 /* brocckiethewiseTests.swift in Sources */ = {isa = PBXBuildFile; fileRef = F4DE3C6E2B1467F900F0F477 /* brocckiethewiseTests.swift */; };
		F4DE3C792B1467F900F0F477 /* brocckiethewiseUITests.swift in Sources */ = {isa = PBXBuildFile; fileRef = F4DE3C782B1467F900F0F477 /* brocckiethewiseUITests.swift */; };
		F4DE3C7B2B1467F900F0F477 /* brocckiethewiseUITestsLaunchTests.swift in Sources */ = {isa = PBXBuildFile; fileRef = F4DE3C7A2B1467F900F0F477 /* brocckiethewiseUITestsLaunchTests.swift */; };
/* End PBXBuildFile section */

/* Begin PBXContainerItemProxy section */
		F4DE3C6B2B1467F900F0F477 /* PBXContainerItemProxy */ = {
			isa = PBXContainerItemProxy;
			containerPortal = F4DE3C522B1467F700F0F477 /* Project object */;
			proxyType = 1;
			remoteGlobalIDString = F4DE3C592B1467F700F0F477;
			remoteInfo = brocckiethewise;
		};
		F4DE3C752B1467F900F0F477 /* PBXContainerItemProxy */ = {
			isa = PBXContainerItemProxy;
			containerPortal = F4DE3C522B1467F700F0F477 /* Project object */;
			proxyType = 1;
			remoteGlobalIDString = F4DE3C592B1467F700F0F477;
			remoteInfo = brocckiethewise;
		};
/* End PBXContainerItemProxy section */

/* Begin PBXFileReference section */
		F4DE3C5A2B1467F700F0F477 /* brocckiethewise.app */ = {isa = PBXFileReference; explicitFileType = wrapper.application; includeInIndex = 0; path = brocckiethewise.app; sourceTree = BUILT_PRODUCTS_DIR; };
		F4DE3C5D2B1467F700F0F477 /* brocckiethewiseApp.swift */ = {isa = PBXFileReference; lastKnownFileType = sourcecode.swift; path = brocckiethewiseApp.swift; sourceTree = "<group>"; };
		F4DE3C5F2B1467F700F0F477 /* ContentView.swift */ = {isa = PBXFileReference; lastKnownFileType = sourcecode.swift; path = ContentView.swift; sourceTree = "<group>"; };
		F4DE3C612B1467F800F0F477 /* Assets.xcassets */ = {isa = PBXFileReference; lastKnownFileType = folder.assetcatalog; path = Assets.xcassets; sourceTree = "<group>"; };
		F4DE3C642B1467F800F0F477 /* Preview Assets.xcassets */ = {isa = PBXFileReference; lastKnownFileType = folder.assetcatalog; path = "Preview Assets.xcassets"; sourceTree = "<group>"; };
		F4DE3C6A2B1467F900F0F477 /* brocckiethewiseTests.xctest */ = {isa = PBXFileReference; explicitFileType = wrapper.cfbundle; includeInIndex = 0; path = brocckiethewiseTests.xctest; sourceTree = BUILT_PRODUCTS_DIR; };
		F4DE3C6E2B1467F900F0F477 /* brocckiethewiseTests.swift */ = {isa = PBXFileReference; lastKnownFileType = sourcecode.swift; path = brocckiethewiseTests.swift; sourceTree = "<group>"; };
		F4DE3C742B1467F900F0F477 /* brocckiethewiseUITests.xctest */ = {isa = PBXFileReference; explicitFileType = wrapper.cfbundle; includeInIndex = 0; path = brocckiethewiseUITests.xctest; sourceTree = BUILT_PRODUCTS_DIR; };
		F4DE3C782B1467F900F0F477 /* brocckiethewiseUITests.swift */ = {isa = PBXFileReference; lastKnownFileType = sourcecode.swift; path = brocckiethewiseUITests.swift; sourceTree = "<group>"; };
		F4DE3C7A2B1467F900F0F477 /* brocckiethewiseUITestsLaunchTests.swift */ = {isa = PBXFileReference; lastKnownFileType = sourcecode.swift; path = brocckiethewiseUITestsLaunchTests.swift; sourceTree = "<group>"; };
/* End PBXFileReference section */

/* Begin PBXFrameworksBuildPhase section */
		F4DE3C572B1467F700F0F477 /* Frameworks */ = {
			isa = PBXFrameworksBuildPhase;
			buildActionMask = 2147483647;
			files = (
			);
			runOnlyForDeploymentPostprocessing = 0;
		};
		F4DE3C672B1467F800F0F477 /* Frameworks */ = {
			isa = PBXFrameworksBuildPhase;
			buildActionMask = 2147483647;
			files = (
			);
			runOnlyForDeploymentPostprocessing = 0;
		};
		F4DE3C712B1467F900F0F477 /* Frameworks */ = {
			isa = PBXFrameworksBuildPhase;
			buildActionMask = 2147483647;
			files = (
			);
			runOnlyForDeploymentPostprocessing = 0;
		};
/* End PBXFrameworksBuildPhase section */

/* Begin PBXGroup section */
		F4DE3C512B1467F700F0F477 = {
			isa = PBXGroup;
			children = (
				F4DE3C5C2B1467F700F0F477 /* brocckiethewise */,
				F4DE3C6D2B1467F900F0F477 /* brocckiethewiseTests */,
				F4DE3C772B1467F900F0F477 /* brocckiethewiseUITests */,
				F4DE3C5B2B1467F700F0F477 /* Products */,
			);
			sourceTree = "<group>";
		};
		F4DE3C5B2B1467F700F0F477 /* Products */ = {
			isa = PBXGroup;
			children = (
				F4DE3C5A2B1467F700F0F477 /* brocckiethewise.app */,
				F4DE3C6A2B1467F900F0F477 /* brocckiethewiseTests.xctest */,
				F4DE3C742B1467F900F0F477 /* brocckiethewiseUITests.xctest */,
			);
			name = Products;
			sourceTree = "<group>";
		};
		F4DE3C5C2B1467F700F0F477 /* brocckiethewise */ = {
			isa = PBXGroup;
			children = (
				F4DE3C5D2B1467F700F0F477 /* brocckiethewiseApp.swift */,
				F4DE3C5F2B1467F700F0F477 /* ContentView.swift */,
				F4DE3C612B1467F800F0F477 /* Assets.xcassets */,
				F4DE3C632B1467F800F0F477 /* Preview Content */,
			);
			path = brocckiethewise;
			sourceTree = "<group>";
		};
		F4DE3C632B1467F800F0F477 /* Preview Content */ = {
			isa = PBXGroup;
			children = (
				F4DE3C642B1467F800F0F477 /* Preview Assets.xcassets */,
			);
			path = "Preview Content";
			sourceTree = "<group>";
		};
		F4DE3C6D2B1467F900F0F477 /* brocckiethewiseTests */ = {
			isa = PBXGroup;
			children = (
				F4DE3C6E2B1467F900F0F477 /* brocckiethewiseTests.swift */,
			);
			path = brocckiethewiseTests;
			sourceTree = "<group>";
		};
		F4DE3C772B1467F900F0F477 /* brocckiethewiseUITests */ = {
			isa = PBXGroup;
			children = (
				F4DE3C782B1467F900F0F477 /* brocckiethewiseUITests.swift */,
				F4DE3C7A2B1467F900F0F477 /* brocckiethewiseUITestsLaunchTests.swift */,
			);
			path = brocckiethewiseUITests;
			sourceTree = "<group>";
		};
/* End PBXGroup section */

/* Begin PBXNativeTarget section */
		F4DE3C592B1467F700F0F477 /* brocckiethewise */ = {
			isa = PBXNativeTarget;
			buildConfigurationList = F4DE3C7E2B1467F900F0F477 /* Build configuration list for PBXNativeTarget "brocckiethewise" */;
			buildPhases = (
				F4DE3C562B1467F700F0F477 /* Sources */,
				F4DE3C572B1467F700F0F477 /* Frameworks */,
				F4DE3C582B1467F700F0F477 /* Resources */,
			);
			buildRules = (
			);
			dependencies = (
			);
			name = brocckiethewise;
			productName = brocckiethewise;
			productReference = F4DE3C5A2B1467F700F0F477 /* brocckiethewise.app */;
			productType = "com.apple.product-type.application";
		};
		F4DE3C692B1467F800F0F477 /* brocckiethewiseTests */ = {
			isa = PBXNativeTarget;
			buildConfigurationList = F4DE3C812B1467F900F0F477 /* Build configuration list for PBXNativeTarget "brocckiethewiseTests" */;
			buildPhases = (
				F4DE3C662B1467F800F0F477 /* Sources */,
				F4DE3C672B1467F800F0F477 /* Frameworks */,
				F4DE3C682B1467F800F0F477 /* Resources */,
			);
			buildRules = (
			);
			dependencies = (
				F4DE3C6C2B1467F900F0F477 /* PBXTargetDependency */,
			);
			name = brocckiethewiseTests;
			productName = brocckiethewiseTests;
			productReference = F4DE3C6A2B1467F900F0F477 /* brocckiethewiseTests.xctest */;
			productType = "com.apple.product-type.bundle.unit-test";
		};
		F4DE3C732B1467F900F0F477 /* brocckiethewiseUITests */ = {
			isa = PBXNativeTarget;
			buildConfigurationList = F4DE3C842B1467F900F0F477 /* Build configuration list for PBXNativeTarget "brocckiethewiseUITests" */;
			buildPhases = (
				F4DE3C702B1467F900F0F477 /* Sources */,
				F4DE3C712B1467F900F0F477 /* Frameworks */,
				F4DE3C722B1467F900F0F477 /* Resources */,
			);
			buildRules = (
			);
			dependencies = (
				F4DE3C762B1467F900F0F477 /* PBXTargetDependency */,
			);
			name = brocckiethewiseUITests;
			productName = brocckiethewiseUITests;
			productReference = F4DE3C742B1467F900F0F477 /* brocckiethewiseUITests.xctest */;
			productType = "com.apple.product-type.bundle.ui-testing";
		};
/* End PBXNativeTarget section */

/* Begin PBXProject section */
		F4DE3C522B1467F700F0F477 /* Project object */ = {
			isa = PBXProject;
			attributes = {
				BuildIndependentTargetsInParallel = 1;
				LastSwiftUpdateCheck = 1500;
				LastUpgradeCheck = 1500;
				TargetAttributes = {
					F4DE3C592B1467F700F0F477 = {
						CreatedOnToolsVersion = 15.0;
					};
					F4DE3C692B1467F800F0F477 = {
						CreatedOnToolsVersion = 15.0;
						TestTargetID = F4DE3C592B1467F700F0F477;
					};
					F4DE3C732B1467F900F0F477 = {
						CreatedOnToolsVersion = 15.0;
						TestTargetID = F4DE3C592B1467F700F0F477;
					};
				};
			};
			buildConfigurationList = F4DE3C552B1467F700F0F477 /* Build configuration list for PBXProject "brocckiethewise" */;
			compatibilityVersion = "Xcode 14.0";
			developmentRegion = en;
			hasScannedForEncodings = 0;
			knownRegions = (
				en,
				Base,
			);
			mainGroup = F4DE3C512B1467F700F0F477;
			productRefGroup = F4DE3C5B2B1467F700F0F477 /* Products */;
			projectDirPath = "";
			projectRoot = "";
			targets = (
				F4DE3C592B1467F700F0F477 /* brocckiethewise */,
				F4DE3C692B1467F800F0F477 /* brocckiethewiseTests */,
				F4DE3C732B1467F900F0F477 /* brocckiethewiseUITests */,
			);
		};
/* End PBXProject section */

/* Begin PBXResourcesBuildPhase section */
		F4DE3C582B1467F700F0F477 /* Resources */ = {
			isa = PBXResourcesBuildPhase;
			buildActionMask = 2147483647;
			files = (
				F4DE3C652B1467F800F0F477 /* Preview Assets.xcassets in Resources */,
				F4DE3C622B1467F800F0F477 /* Assets.xcassets in Resources */,
			);
			runOnlyForDeploymentPostprocessing = 0;
		};
		F4DE3C682B1467F800F0F477 /* Resources */ = {
			isa = PBXResourcesBuildPhase;
			buildActionMask = 2147483647;
			files = (
			);
			runOnlyForDeploymentPostprocessing = 0;
		};
		F4DE3C722B1467F900F0F477 /* Resources */ = {
			isa = PBXResourcesBuildPhase;
			buildActionMask = 2147483647;
			files = (
			);
			runOnlyForDeploymentPostprocessing = 0;
		};
/* End PBXResourcesBuildPhase section */

/* Begin PBXSourcesBuildPhase section */
		F4DE3C562B1467F700F0F477 /* Sources */ = {
			isa = PBXSourcesBuildPhase;
			buildActionMask = 2147483647;
			files = (
				F4DE3C602B1467F700F0F477 /* ContentView.swift in Sources */,
				F4DE3C5E2B1467F700F0F477 /* brocckiethewiseApp.swift in Sources */,
			);
			runOnlyForDeploymentPostprocessing = 0;
		};
		F4DE3C662B1467F800F0F477 /* Sources */ = {
			isa = PBXSourcesBuildPhase;
			buildActionMask = 2147483647;
			files = (
				F4DE3C6F2B1467F900F0F477 /* brocckiethewiseTests.swift in Sources */,
			);
			runOnlyForDeploymentPostprocessing = 0;
		};
		F4DE3C702B1467F900F0F477 /* Sources */ = {
			isa = PBXSourcesBuildPhase;
			buildActionMask = 2147483647;
			files = (
				F4DE3C7B2B1467F900F0F477 /* brocckiethewiseUITestsLaunchTests.swift in Sources */,
				F4DE3C792B1467F900F0F477 /* brocckiethewiseUITests.swift in Sources */,
			);
			runOnlyForDeploymentPostprocessing = 0;
		};
/* End PBXSourcesBuildPhase section */

/* Begin PBXTargetDependency section */
		F4DE3C6C2B1467F900F0F477 /* PBXTargetDependency */ = {
			isa = PBXTargetDependency;
			target = F4DE3C592B1467F700F0F477 /* brocckiethewise */;
			targetProxy = F4DE3C6B2B1467F900F0F477 /* PBXContainerItemProxy */;
		};
		F4DE3C762B1467F900F0F477 /* PBXTargetDependency */ = {
			isa = PBXTargetDependency;
			target = F4DE3C592B1467F700F0F477 /* brocckiethewise */;
			targetProxy = F4DE3C752B1467F900F0F477 /* PBXContainerItemProxy */;
		};
/* End PBXTargetDependency section */

/* Begin XCBuildConfiguration section */
		F4DE3C7C2B1467F900F0F477 /* Debug */ = {
			isa = XCBuildConfiguration;
			buildSettings = {
				ALWAYS_SEARCH_USER_PATHS = NO;
				ASSETCATALOG_COMPILER_GENERATE_SWIFT_ASSET_SYMBOL_EXTENSIONS = YES;
				CLANG_ANALYZER_NONNULL = YES;
				CLANG_ANALYZER_NUMBER_OBJECT_CONVERSION = YES_AGGRESSIVE;
				CLANG_CXX_LANGUAGE_STANDARD = "gnu++20";
				CLANG_ENABLE_MODULES = YES;
				CLANG_ENABLE_OBJC_ARC = YES;
				CLANG_ENABLE_OBJC_WEAK = YES;
				CLANG_WARN_BLOCK_CAPTURE_AUTORELEASING = YES;
				CLANG_WARN_BOOL_CONVERSION = YES;
				CLANG_WARN_COMMA = YES;
				CLANG_WARN_CONSTANT_CONVERSION = YES;
				CLANG_WARN_DEPRECATED_OBJC_IMPLEMENTATIONS = YES;
				CLANG_WARN_DIRECT_OBJC_ISA_USAGE = YES_ERROR;
				CLANG_WARN_DOCUMENTATION_COMMENTS = YES;
				CLANG_WARN_EMPTY_BODY = YES;
				CLANG_WARN_ENUM_CONVERSION = YES;
				CLANG_WARN_INFINITE_RECURSION = YES;
				CLANG_WARN_INT_CONVERSION = YES;
				CLANG_WARN_NON_LITERAL_NULL_CONVERSION = YES;
				CLANG_WARN_OBJC_IMPLICIT_RETAIN_SELF = YES;
				CLANG_WARN_OBJC_LITERAL_CONVERSION = YES;
				CLANG_WARN_OBJC_ROOT_CLASS = YES_ERROR;
				CLANG_WARN_QUOTED_INCLUDE_IN_FRAMEWORK_HEADER = YES;
				CLANG_WARN_RANGE_LOOP_ANALYSIS = YES;
				CLANG_WARN_STRICT_PROTOTYPES = YES;
				CLANG_WARN_SUSPICIOUS_MOVE = YES;
				CLANG_WARN_UNGUARDED_AVAILABILITY = YES_AGGRESSIVE;
				CLANG_WARN_UNREACHABLE_CODE = YES;
				CLANG_WARN__DUPLICATE_METHOD_MATCH = YES;
				COPY_PHASE_STRIP = NO;
				DEBUG_INFORMATION_FORMAT = dwarf;
				ENABLE_STRICT_OBJC_MSGSEND = YES;
				ENABLE_TESTABILITY = YES;
				ENABLE_USER_SCRIPT_SANDBOXING = YES;
				GCC_C_LANGUAGE_STANDARD = gnu17;
				GCC_DYNAMIC_NO_PIC = NO;
				GCC_NO_COMMON_BLOCKS = YES;
				GCC_OPTIMIZATION_LEVEL = 0;
				GCC_PREPROCESSOR_DEFINITIONS = (
					"DEBUG=1",
					"$(inherited)",
				);
				GCC_WARN_64_TO_32_BIT_CONVERSION = YES;
				GCC_WARN_ABOUT_RETURN_TYPE = YES_ERROR;
				GCC_WARN_UNDECLARED_SELECTOR = YES;
				GCC_WARN_UNINITIALIZED_AUTOS = YES_AGGRESSIVE;
				GCC_WARN_UNUSED_FUNCTION = YES;
				GCC_WARN_UNUSED_VARIABLE = YES;
				IPHONEOS_DEPLOYMENT_TARGET = 17.0;
				LOCALIZATION_PREFERS_STRING_CATALOGS = YES;
				MTL_ENABLE_DEBUG_INFO = INCLUDE_SOURCE;
				MTL_FAST_MATH = YES;
				ONLY_ACTIVE_ARCH = YES;
				SDKROOT = iphoneos;
				SWIFT_ACTIVE_COMPILATION_CONDITIONS = "DEBUG $(inherited)";
				SWIFT_OPTIMIZATION_LEVEL = "-Onone";
			};
			name = Debug;
		};
		F4DE3C7D2B1467F900F0F477 /* Release */ = {
			isa = XCBuildConfiguration;
			buildSettings = {
				ALWAYS_SEARCH_USER_PATHS = NO;
				ASSETCATALOG_COMPILER_GENERATE_SWIFT_ASSET_SYMBOL_EXTENSIONS = YES;
				CLANG_ANALYZER_NONNULL = YES;
				CLANG_ANALYZER_NUMBER_OBJECT_CONVERSION = YES_AGGRESSIVE;
				CLANG_CXX_LANGUAGE_STANDARD = "gnu++20";
				CLANG_ENABLE_MODULES = YES;
				CLANG_ENABLE_OBJC_ARC = YES;
				CLANG_ENABLE_OBJC_WEAK = YES;
				CLANG_WARN_BLOCK_CAPTURE_AUTORELEASING = YES;
				CLANG_WARN_BOOL_CONVERSION = YES;
				CLANG_WARN_COMMA = YES;
				CLANG_WARN_CONSTANT_CONVERSION = YES;
				CLANG_WARN_DEPRECATED_OBJC_IMPLEMENTATIONS = YES;
				CLANG_WARN_DIRECT_OBJC_ISA_USAGE = YES_ERROR;
				CLANG_WARN_DOCUMENTATION_COMMENTS = YES;
				CLANG_WARN_EMPTY_BODY = YES;
				CLANG_WARN_ENUM_CONVERSION = YES;
				CLANG_WARN_INFINITE_RECURSION = YES;
				CLANG_WARN_INT_CONVERSION = YES;
				CLANG_WARN_NON_LITERAL_NULL_CONVERSION = YES;
				CLANG_WARN_OBJC_IMPLICIT_RETAIN_SELF = YES;
				CLANG_WARN_OBJC_LITERAL_CONVERSION = YES;
				CLANG_WARN_OBJC_ROOT_CLASS = YES_ERROR;
				CLANG_WARN_QUOTED_INCLUDE_IN_FRAMEWORK_HEADER = YES;
				CLANG_WARN_RANGE_LOOP_ANALYSIS = YES;
				CLANG_WARN_STRICT_PROTOTYPES = YES;
				CLANG_WARN_SUSPICIOUS_MOVE = YES;
				CLANG_WARN_UNGUARDED_AVAILABILITY = YES_AGGRESSIVE;
				CLANG_WARN_UNREACHABLE_CODE = YES;
				CLANG_WARN__DUPLICATE_METHOD_MATCH = YES;
				COPY_PHASE_STRIP = NO;
				DEBUG_INFORMATION_FORMAT = "dwarf-with-dsym";
				ENABLE_NS_ASSERTIONS = NO;
				ENABLE_STRICT_OBJC_MSGSEND = YES;
				ENABLE_USER_SCRIPT_SANDBOXING = YES;
				GCC_C_LANGUAGE_STANDARD = gnu17;
				GCC_NO_COMMON_BLOCKS = YES;
				GCC_WARN_64_TO_32_BIT_CONVERSION = YES;
				GCC_WARN_ABOUT_RETURN_TYPE = YES_ERROR;
				GCC_WARN_UNDECLARED_SELECTOR = YES;
				GCC_WARN_UNINITIALIZED_AUTOS = YES_AGGRESSIVE;
				GCC_WARN_UNUSED_FUNCTION = YES;
				GCC_WARN_UNUSED_VARIABLE = YES;
				IPHONEOS_DEPLOYMENT_TARGET = 17.0;
				LOCALIZATION_PREFERS_STRING_CATALOGS = YES;
				MTL_ENABLE_DEBUG_INFO = NO;
				MTL_FAST_MATH = YES;
				SDKROOT = iphoneos;
				SWIFT_COMPILATION_MODE = wholemodule;
				VALIDATE_PRODUCT = YES;
			};
			name = Release;
		};
		F4DE3C7F2B1467F900F0F477 /* Debug */ = {
			isa = XCBuildConfiguration;
			buildSettings = {
				ASSETCATALOG_COMPILER_APPICON_NAME = AppIcon;
				ASSETCATALOG_COMPILER_GLOBAL_ACCENT_COLOR_NAME = AccentColor;
				CODE_SIGN_STYLE = Automatic;
				CURRENT_PROJECT_VERSION = 1;
				DEVELOPMENT_ASSET_PATHS = "\"brocckiethewise/Preview Content\"";
				DEVELOPMENT_TEAM = ADR282DSNU;
				ENABLE_PREVIEWS = YES;
				GENERATE_INFOPLIST_FILE = YES;
				INFOPLIST_KEY_UIApplicationSceneManifest_Generation = YES;
				INFOPLIST_KEY_UIApplicationSupportsIndirectInputEvents = YES;
				INFOPLIST_KEY_UILaunchScreen_Generation = YES;
				INFOPLIST_KEY_UISupportedInterfaceOrientations_iPad = "UIInterfaceOrientationPortrait UIInterfaceOrientationPortraitUpsideDown UIInterfaceOrientationLandscapeLeft UIInterfaceOrientationLandscapeRight";
				INFOPLIST_KEY_UISupportedInterfaceOrientations_iPhone = "UIInterfaceOrientationPortrait UIInterfaceOrientationLandscapeLeft UIInterfaceOrientationLandscapeRight";
				LD_RUNPATH_SEARCH_PATHS = (
					"$(inherited)",
					"@executable_path/Frameworks",
				);
				MARKETING_VERSION = 1.0;
				PRODUCT_BUNDLE_IDENTIFIER = tri.brocckiethewise;
				PRODUCT_NAME = "$(TARGET_NAME)";
				SWIFT_EMIT_LOC_STRINGS = YES;
				SWIFT_VERSION = 5.0;
				TARGETED_DEVICE_FAMILY = "1,2";
			};
			name = Debug;
		};
		F4DE3C802B1467F900F0F477 /* Release */ = {
			isa = XCBuildConfiguration;
			buildSettings = {
				ASSETCATALOG_COMPILER_APPICON_NAME = AppIcon;
				ASSETCATALOG_COMPILER_GLOBAL_ACCENT_COLOR_NAME = AccentColor;
				CODE_SIGN_STYLE = Automatic;
				CURRENT_PROJECT_VERSION = 1;
				DEVELOPMENT_ASSET_PATHS = "\"brocckiethewise/Preview Content\"";
				DEVELOPMENT_TEAM = ADR282DSNU;
				ENABLE_PREVIEWS = YES;
				GENERATE_INFOPLIST_FILE = YES;
				INFOPLIST_KEY_UIApplicationSceneManifest_Generation = YES;
				INFOPLIST_KEY_UIApplicationSupportsIndirectInputEvents = YES;
				INFOPLIST_KEY_UILaunchScreen_Generation = YES;
				INFOPLIST_KEY_UISupportedInterfaceOrientations_iPad = "UIInterfaceOrientationPortrait UIInterfaceOrientationPortraitUpsideDown UIInterfaceOrientationLandscapeLeft UIInterfaceOrientationLandscapeRight";
				INFOPLIST_KEY_UISupportedInterfaceOrientations_iPhone = "UIInterfaceOrientationPortrait UIInterfaceOrientationLandscapeLeft UIInterfaceOrientationLandscapeRight";
				LD_RUNPATH_SEARCH_PATHS = (
					"$(inherited)",
					"@executable_path/Frameworks",
				);
				MARKETING_VERSION = 1.0;
				PRODUCT_BUNDLE_IDENTIFIER = tri.brocckiethewise;
				PRODUCT_NAME = "$(TARGET_NAME)";
				SWIFT_EMIT_LOC_STRINGS = YES;
				SWIFT_VERSION = 5.0;
				TARGETED_DEVICE_FAMILY = "1,2";
			};
			name = Release;
		};
		F4DE3C822B1467F900F0F477 /* Debug */ = {
			isa = XCBuildConfiguration;
			buildSettings = {
				ALWAYS_EMBED_SWIFT_STANDARD_LIBRARIES = YES;
				BUNDLE_LOADER = "$(TEST_HOST)";
				CODE_SIGN_STYLE = Automatic;
				CURRENT_PROJECT_VERSION = 1;
				DEVELOPMENT_TEAM = ADR282DSNU;
				GENERATE_INFOPLIST_FILE = YES;
				IPHONEOS_DEPLOYMENT_TARGET = 17.0;
				MARKETING_VERSION = 1.0;
				PRODUCT_BUNDLE_IDENTIFIER = tri.brocckiethewiseTests;
				PRODUCT_NAME = "$(TARGET_NAME)";
				SWIFT_EMIT_LOC_STRINGS = NO;
				SWIFT_VERSION = 5.0;
				TARGETED_DEVICE_FAMILY = "1,2";
				TEST_HOST = "$(BUILT_PRODUCTS_DIR)/brocckiethewise.app/$(BUNDLE_EXECUTABLE_FOLDER_PATH)/brocckiethewise";
			};
			name = Debug;
		};
		F4DE3C832B1467F900F0F477 /* Release */ = {
			isa = XCBuildConfiguration;
			buildSettings = {
				ALWAYS_EMBED_SWIFT_STANDARD_LIBRARIES = YES;
				BUNDLE_LOADER = "$(TEST_HOST)";
				CODE_SIGN_STYLE = Automatic;
				CURRENT_PROJECT_VERSION = 1;
				DEVELOPMENT_TEAM = ADR282DSNU;
				GENERATE_INFOPLIST_FILE = YES;
				IPHONEOS_DEPLOYMENT_TARGET = 17.0;
				MARKETING_VERSION = 1.0;
				PRODUCT_BUNDLE_IDENTIFIER = tri.brocckiethewiseTests;
				PRODUCT_NAME = "$(TARGET_NAME)";
				SWIFT_EMIT_LOC_STRINGS = NO;
				SWIFT_VERSION = 5.0;
				TARGETED_DEVICE_FAMILY = "1,2";
				TEST_HOST = "$(BUILT_PRODUCTS_DIR)/brocckiethewise.app/$(BUNDLE_EXECUTABLE_FOLDER_PATH)/brocckiethewise";
			};
			name = Release;
		};
		F4DE3C852B1467F900F0F477 /* Debug */ = {
			isa = XCBuildConfiguration;
			buildSettings = {
				ALWAYS_EMBED_SWIFT_STANDARD_LIBRARIES = YES;
				CODE_SIGN_STYLE = Automatic;
				CURRENT_PROJECT_VERSION = 1;
				DEVELOPMENT_TEAM = ADR282DSNU;
				GENERATE_INFOPLIST_FILE = YES;
				MARKETING_VERSION = 1.0;
				PRODUCT_BUNDLE_IDENTIFIER = tri.brocckiethewiseUITests;
				PRODUCT_NAME = "$(TARGET_NAME)";
				SWIFT_EMIT_LOC_STRINGS = NO;
				SWIFT_VERSION = 5.0;
				TARGETED_DEVICE_FAMILY = "1,2";
				TEST_TARGET_NAME = brocckiethewise;
			};
			name = Debug;
		};
		F4DE3C862B1467F900F0F477 /* Release */ = {
			isa = XCBuildConfiguration;
			buildSettings = {
				ALWAYS_EMBED_SWIFT_STANDARD_LIBRARIES = YES;
				CODE_SIGN_STYLE = Automatic;
				CURRENT_PROJECT_VERSION = 1;
				DEVELOPMENT_TEAM = ADR282DSNU;
				GENERATE_INFOPLIST_FILE = YES;
				MARKETING_VERSION = 1.0;
				PRODUCT_BUNDLE_IDENTIFIER = tri.brocckiethewiseUITests;
				PRODUCT_NAME = "$(TARGET_NAME)";
				SWIFT_EMIT_LOC_STRINGS = NO;
				SWIFT_VERSION = 5.0;
				TARGETED_DEVICE_FAMILY = "1,2";
				TEST_TARGET_NAME = brocckiethewise;
			};
			name = Release;
		};
/* End XCBuildConfiguration section */

/* Begin XCConfigurationList section */
		F4DE3C552B1467F700F0F477 /* Build configuration list for PBXProject "brocckiethewise" */ = {
			isa = XCConfigurationList;
			buildConfigurations = (
				F4DE3C7C2B1467F900F0F477 /* Debug */,
				F4DE3C7D2B1467F900F0F477 /* Release */,
			);
			defaultConfigurationIsVisible = 0;
			defaultConfigurationName = Release;
		};
		F4DE3C7E2B1467F900F0F477 /* Build configuration list for PBXNativeTarget "brocckiethewise" */ = {
			isa = XCConfigurationList;
			buildConfigurations = (
				F4DE3C7F2B1467F900F0F477 /* Debug */,
				F4DE3C802B1467F900F0F477 /* Release */,
			);
			defaultConfigurationIsVisible = 0;
			defaultConfigurationName = Release;
		};
		F4DE3C812B1467F900F0F477 /* Build configuration list for PBXNativeTarget "brocckiethewiseTests" */ = {
			isa = XCConfigurationList;
			buildConfigurations = (
				F4DE3C822B1467F900F0F477 /* Debug */,
				F4DE3C832B1467F900F0F477 /* Release */,
			);
			defaultConfigurationIsVisible = 0;
			defaultConfigurationName = Release;
		};
		F4DE3C842B1467F900F0F477 /* Build configuration list for PBXNativeTarget "brocckiethewiseUITests" */ = {
			isa = XCConfigurationList;
			buildConfigurations = (
				F4DE3C852B1467F900F0F477 /* Debug */,
				F4DE3C862B1467F900F0F477 /* Release */,
			);
			defaultConfigurationIsVisible = 0;
			defaultConfigurationName = Release;
		};
/* End XCConfigurationList section */
	};
	rootObject = F4DE3C522B1467F700F0F477 /* Project object */;
}
